{
  "name": "simple-js-ec-math",
  "version": "1.7.1",
  "lockfileVersion": 1,
  "requires": true,
  "dependencies": {
    "big-integer": {
      "version": "1.6.43",
      "resolved": "https://registry.npmjs.org/big-integer/-/big-integer-1.6.43.tgz",
      "integrity": "sha512-9dULc9jsKmXl0Aeunug8wbF+58n+hQoFjqClN7WeZwGLh0XJUWyJJ9Ee+Ep+Ql/J9fRsTVaeThp8MhiCCrY0Jg=="
    },
    "simple-js-ec-math": {
      "version": "1.7.0",
      "resolved": "https://registry.npmjs.org/simple-js-ec-math/-/simple-js-ec-math-1.7.0.tgz",
      "integrity": "sha512-G9V68K3ULB7lDXcGqOppyCjyoo2Ei4bM0QEyPrTLQTque752vaG1xmMVDd2Unre/GUmIQfr3OcwTF476u5uFmw==",
      "requires": {
        "big-integer": "^1.6.43",
        "simple-js-secp256k1": "github:Azero123/simple-js-secp256k1#master"
      }
    },
    "simple-js-secp256k1": {
      "version": "github:Azero123/simple-js-secp256k1#d52f7040bf5486887f5a0c28ad822b46391c5421",
      "from": "github:Azero123/simple-js-secp256k1#master",
      "requires": {
        "big-integer": "^1.6.43",
        "simple-js-ec-math": "^1.3.0"
      }
    }
  }
}
